# This file was autogenerated by Stack.
# You should not edit this file by hand.
# For more information, please see the documentation at:
#   https://docs.haskellstack.org/en/stable/lock_files

packages:
- completed:
    hackage: cairo-0.13.8.1@sha256:1938aaeb5d3504678d995774dfe870f6b66cbd43d336b692fa8779b23b2b67a9,4075
    pantry-tree:
      size: 2830
      sha256: 8f6344da4c578a4dd3a49c333e2158b695bfae32a74d34a76bbc6e531b70c95c
  original:
    hackage: cairo-0.13.8.1@sha256:1938aaeb5d3504678d995774dfe870f6b66cbd43d336b692fa8779b23b2b67a9,4075
- completed:
    hackage: gtk2hs-buildtools-0.13.8.2@sha256:01c4a6cc3679008bd4caec32b49843acb27a5f48ee2b22484218f097835548f6,5238
    pantry-tree:
      size: 3588
      sha256: 1c3b449a69f4bb2d27c09a89e447552a58201a3febf5418e67af0001a0cbb0a7
  original:
    hackage: gtk2hs-buildtools-0.13.8.2@sha256:01c4a6cc3679008bd4caec32b49843acb27a5f48ee2b22484218f097835548f6,5238
- completed:
    hackage: Noise-1.0.6@sha256:7eb0d021e334ca2341a9cb51eac7d6f2c76b4e4e1a27264509b38264dc202b32,1994
    pantry-tree:
      size: 1176
      sha256: 27a9154935b4d30a22830477c60c5108fd713a184d456272c2fccbf361d2395f
  original:
    hackage: Noise-1.0.6@sha256:7eb0d021e334ca2341a9cb51eac7d6f2c76b4e4e1a27264509b38264dc202b32,1994
- completed:
    hackage: data-r-tree-0.6.0@sha256:10a25ef70e6779c3bf5128cd45d033482a370ea07e92ab1c82678675de01d870,3668
    pantry-tree:
      size: 614
      sha256: 057a5a25c6c8fe8e60e62b9522e8f1a8be3e7470bfe44229d1e2712e6851409e
  original:
    hackage: data-r-tree-0.6.0@sha256:10a25ef70e6779c3bf5128cd45d033482a370ea07e92ab1c82678675de01d870,3668
- completed:
    hackage: accelerate-1.3.0.0@sha256:f19e43687e9a306fddaddfa68a764b157ceb2522d9a821e31bc3353c730fda2b,20995
    pantry-tree:
      size: 13459
      sha256: 00e83fbc4576aea9d8efdaf4e04fa2a6d1c5a1551bd733a63f4b7aaf46b472c9
  original:
    hackage: accelerate-1.3.0.0@sha256:f19e43687e9a306fddaddfa68a764b157ceb2522d9a821e31bc3353c730fda2b,20995
- completed:
    hackage: accelerate-llvm-1.3.0.0@sha256:06dc3779b3577ed41b2ddf2421452b566f290dce53df83d027938d41f2d5ec82,6054
    pantry-tree:
      size: 4685
      sha256: 2d427a3426a3a5c1a60aec58dd079cc12a0db28f69ea022b042e94775a690d1a
  original:
    hackage: accelerate-llvm-1.3.0.0@sha256:06dc3779b3577ed41b2ddf2421452b566f290dce53df83d027938d41f2d5ec82,6054
- completed:
    hackage: accelerate-llvm-native-1.3.0.0@sha256:8d0b8fcbce1595cb380ee6bb892efffeb3abffd050550322d8b35b7f23e27481,6329
    pantry-tree:
      size: 3677
      sha256: d0e5ff709881066cb4fcd27326aa15bd5817e25a1c9ef869d7f845905bfc826c
  original:
    hackage: accelerate-llvm-native-1.3.0.0@sha256:8d0b8fcbce1595cb380ee6bb892efffeb3abffd050550322d8b35b7f23e27481,6329
- completed:
    hackage: accelerate-llvm-ptx-1.3.0.0@sha256:532f7811702fe6909841cd9f172f5ae5733d85361e42d8d3122fb973ad772250,6677
    pantry-tree:
      size: 4378
      sha256: d514c9bc379c9a73e5542f8b137b223ac8a7590e9d5e719af19541d05c886856
  original:
    hackage: accelerate-llvm-ptx-1.3.0.0@sha256:532f7811702fe6909841cd9f172f5ae5733d85361e42d8d3122fb973ad772250,6677
- completed:
    hackage: cuda-0.11.0.0@sha256:4e572a36f9ed3d2f8b40d6ce582b98b9ee0f499ed4ef1e88a33bb691e5be28c7,5654
    pantry-tree:
      size: 3857
      sha256: 17c3c8916aebd4e410df940c1d114843dab4e449715aeba8ea869d1e8d423bb5
  original:
    hackage: cuda-0.11.0.0@sha256:4e572a36f9ed3d2f8b40d6ce582b98b9ee0f499ed4ef1e88a33bb691e5be28c7,5654
- completed:
    hackage: nvvm-0.10.0.0@sha256:387b3406b66ed5d8c1f0d8d498b8508fe2dade6e3517d1bfaac7d6fe646a336a,2440
    pantry-tree:
      size: 684
      sha256: cdf6f84fbcf939b86492e85fe680902c90201493f27c944c593982fd4b1a23d1
  original:
    hackage: nvvm-0.10.0.0@sha256:387b3406b66ed5d8c1f0d8d498b8508fe2dade6e3517d1bfaac7d6fe646a336a,2440
- completed:
    hackage: accelerate-io-JuicyPixels-0.1.0.0@sha256:e0808d6778eb404c663fa9852493f5ce03157eadba8c6d32650fd4b4ddcaf02c,1532
    pantry-tree:
      size: 448
      sha256: e28b07e534fe07539c0bfc477e98607846c14927921c7be7a4d3815d0eee36fd
  original:
    hackage: accelerate-io-JuicyPixels-0.1.0.0@sha256:e0808d6778eb404c663fa9852493f5ce03157eadba8c6d32650fd4b4ddcaf02c,1532
- completed:
    hackage: accelerate-io-vector-0.1.0.0@sha256:a12013ad55ff5c626f54c44e7aaf1dbd3c9777bf0240eb5d063daa9be16785da,2356
    pantry-tree:
      size: 1184
      sha256: 43331734690fb6017e9979fd1d5340515a2095ea4cf61f619f0b3f21cb45012c
  original:
    hackage: accelerate-io-vector-0.1.0.0@sha256:a12013ad55ff5c626f54c44e7aaf1dbd3c9777bf0240eb5d063daa9be16785da,2356
snapshots:
- completed:
    size: 586103
    url: https://raw.githubusercontent.com/commercialhaskell/stackage-snapshots/master/lts/18/19.yaml
    sha256: 32716534fff554b7f90762130fdb985cabf29f157758934dd1c8f3892a646430
  original: lts-18.19
