# This file was autogenerated by Stack.
# You should not edit this file by hand.
# For more information, please see the documentation at:
#   https://docs.haskellstack.org/en/stable/lock_files

packages:
- completed:
    hackage: cairo-0.13.8.1@sha256:1938aaeb5d3504678d995774dfe870f6b66cbd43d336b692fa8779b23b2b67a9,4075
    pantry-tree:
      size: 2830
      sha256: 8f6344da4c578a4dd3a49c333e2158b695bfae32a74d34a76bbc6e531b70c95c
  original:
    hackage: cairo-0.13.8.1@sha256:1938aaeb5d3504678d995774dfe870f6b66cbd43d336b692fa8779b23b2b67a9,4075
- completed:
    hackage: gtk2hs-buildtools-0.13.8.2@sha256:01c4a6cc3679008bd4caec32b49843acb27a5f48ee2b22484218f097835548f6,5238
    pantry-tree:
      size: 3588
      sha256: 1c3b449a69f4bb2d27c09a89e447552a58201a3febf5418e67af0001a0cbb0a7
  original:
    hackage: gtk2hs-buildtools-0.13.8.2@sha256:01c4a6cc3679008bd4caec32b49843acb27a5f48ee2b22484218f097835548f6,5238
- completed:
    hackage: Noise-1.0.6@sha256:7eb0d021e334ca2341a9cb51eac7d6f2c76b4e4e1a27264509b38264dc202b32,1994
    pantry-tree:
      size: 1176
      sha256: 27a9154935b4d30a22830477c60c5108fd713a184d456272c2fccbf361d2395f
  original:
    hackage: Noise-1.0.6@sha256:7eb0d021e334ca2341a9cb51eac7d6f2c76b4e4e1a27264509b38264dc202b32,1994
- completed:
    hackage: data-r-tree-0.6.0@sha256:10a25ef70e6779c3bf5128cd45d033482a370ea07e92ab1c82678675de01d870,3668
    pantry-tree:
      size: 614
      sha256: 057a5a25c6c8fe8e60e62b9522e8f1a8be3e7470bfe44229d1e2712e6851409e
  original:
    hackage: data-r-tree-0.6.0@sha256:10a25ef70e6779c3bf5128cd45d033482a370ea07e92ab1c82678675de01d870,3668
- completed:
    hackage: plotfont-0.1.0.1@sha256:e3b2507c6350feee8ff5a612a0ac3f5a7e8f39efb2895fbca70c0220834652a4,1155
    pantry-tree:
      size: 321
      sha256: 887770effc1578682fe255d7f8b1a9801bc5a6e832aa46316782e43eecb65113
  original:
    hackage: plotfont-0.1.0.1@sha256:e3b2507c6350feee8ff5a612a0ac3f5a7e8f39efb2895fbca70c0220834652a4,1155
snapshots:
- completed:
    size: 586103
    url: https://raw.githubusercontent.com/commercialhaskell/stackage-snapshots/master/lts/18/19.yaml
    sha256: 32716534fff554b7f90762130fdb985cabf29f157758934dd1c8f3892a646430
  original: lts-18.19
